
Microsoft Visual Studio Solution File, Format Version 12.00
# Visual Studio 14
VisualStudioVersion = 14.0.25420.1
MinimumVisualStudioVersion = 10.0.40219.1
Project("{FAE04EC0-301F-11D3-BF4B-00C04F79EFBC}") = "ListView_Tutorial", "ListView_Tutorial\ListView_Tutorial.csproj", "{F28A732A-45FF-4DB9-9C5E-C7E889CE7508}"
EndProject
Global
	GlobalSection(SolutionConfigurationPlatforms) = preSolution
		Debug|Any CPU = Debug|Any CPU
		Release|Any CPU = Release|Any CPU
	EndGlobalSection
	GlobalSection(ProjectConfigurationPlatforms) = postSolution
		{F28A732A-45FF-4DB9-9C5E-C7E889CE7508}.Debug|Any CPU.ActiveCfg = Debug|Any CPU
		{F28A732A-45FF-4DB9-9C5E-C7E889CE7508}.Debug|Any CPU.Build.0 = Debug|Any CPU
		{F28A732A-45FF-4DB9-9C5E-C7E889CE7508}.Debug|Any CPU.Deploy.0 = Debug|Any CPU
		{F28A732A-45FF-4DB9-9C5E-C7E889CE7508}.Release|Any CPU.ActiveCfg = Release|Any CPU
		{F28A732A-45FF-4DB9-9C5E-C7E889CE7508}.Release|Any CPU.Build.0 = Release|Any CPU
		{F28A732A-45FF-4DB9-9C5E-C7E889CE7508}.Release|Any CPU.Deploy.0 = Release|Any CPU
	EndGlobalSection
	GlobalSection(SolutionProperties) = preSolution
		HideSolutionNode = FALSE
	EndGlobalSection
EndGlobal
