
Microsoft Visual Studio Solution File, Format Version 12.00
# Visual Studio 14
VisualStudioVersion = 14.0.25420.1
MinimumVisualStudioVersion = 10.0.40219.1
Project("{D954291E-2A0B-460D-934E-DC6B0785DB48}") = "TelephoneApp", "TelephoneApp\TelephoneApp\TelephoneApp.shproj", "{400C4361-6A2A-496F-9E01-648C0D02FBBD}"
EndProject
Project("{FAE04EC0-301F-11D3-BF4B-00C04F79EFBC}") = "TelephoneApp.Android", "TelephoneApp\TelephoneApp.Android\TelephoneApp.Android.csproj", "{A0C828B1-8C4D-4EC1-A4D9-A0E1C2A009C5}"
EndProject
Project("{FAE04EC0-301F-11D3-BF4B-00C04F79EFBC}") = "TelephoneApp.iOS", "TelephoneApp\TelephoneApp.iOS\TelephoneApp.iOS.csproj", "{EDC74CC9-8998-4C6C-B0F6-9C0A0B604525}"
EndProject
Global
	GlobalSection(SharedMSBuildProjectFiles) = preSolution
		TelephoneApp\TelephoneApp\TelephoneApp.projitems*{400c4361-6a2a-496f-9e01-648c0d02fbbd}*SharedItemsImports = 13
		TelephoneApp\TelephoneApp\TelephoneApp.projitems*{a0c828b1-8c4d-4ec1-a4d9-a0e1c2a009c5}*SharedItemsImports = 4
		TelephoneApp\TelephoneApp\TelephoneApp.projitems*{edc74cc9-8998-4c6c-b0f6-9c0a0b604525}*SharedItemsImports = 4
	EndGlobalSection
	GlobalSection(SolutionConfigurationPlatforms) = preSolution
		Ad-Hoc|Any CPU = Ad-Hoc|Any CPU
		Ad-Hoc|iPhone = Ad-Hoc|iPhone
		Ad-Hoc|iPhoneSimulator = Ad-Hoc|iPhoneSimulator
		AppStore|Any CPU = AppStore|Any CPU
		AppStore|iPhone = AppStore|iPhone
		AppStore|iPhoneSimulator = AppStore|iPhoneSimulator
		Debug|Any CPU = Debug|Any CPU
		Debug|iPhone = Debug|iPhone
		Debug|iPhoneSimulator = Debug|iPhoneSimulator
		Release|Any CPU = Release|Any CPU
		Release|iPhone = Release|iPhone
		Release|iPhoneSimulator = Release|iPhoneSimulator
	EndGlobalSection
	GlobalSection(ProjectConfigurationPlatforms) = postSolution
		{A0C828B1-8C4D-4EC1-A4D9-A0E1C2A009C5}.Ad-Hoc|Any CPU.ActiveCfg = Release|Any CPU
		{A0C828B1-8C4D-4EC1-A4D9-A0E1C2A009C5}.Ad-Hoc|Any CPU.Build.0 = Release|Any CPU
		{A0C828B1-8C4D-4EC1-A4D9-A0E1C2A009C5}.Ad-Hoc|Any CPU.Deploy.0 = Release|Any CPU
		{A0C828B1-8C4D-4EC1-A4D9-A0E1C2A009C5}.Ad-Hoc|iPhone.ActiveCfg = Release|Any CPU
		{A0C828B1-8C4D-4EC1-A4D9-A0E1C2A009C5}.Ad-Hoc|iPhone.Build.0 = Release|Any CPU
		{A0C828B1-8C4D-4EC1-A4D9-A0E1C2A009C5}.Ad-Hoc|iPhone.Deploy.0 = Release|Any CPU
		{A0C828B1-8C4D-4EC1-A4D9-A0E1C2A009C5}.Ad-Hoc|iPhoneSimulator.ActiveCfg = Release|Any CPU
		{A0C828B1-8C4D-4EC1-A4D9-A0E1C2A009C5}.Ad-Hoc|iPhoneSimulator.Build.0 = Release|Any CPU
		{A0C828B1-8C4D-4EC1-A4D9-A0E1C2A009C5}.Ad-Hoc|iPhoneSimulator.Deploy.0 = Release|Any CPU
		{A0C828B1-8C4D-4EC1-A4D9-A0E1C2A009C5}.AppStore|Any CPU.ActiveCfg = Release|Any CPU
		{A0C828B1-8C4D-4EC1-A4D9-A0E1C2A009C5}.AppStore|Any CPU.Build.0 = Release|Any CPU
		{A0C828B1-8C4D-4EC1-A4D9-A0E1C2A009C5}.AppStore|Any CPU.Deploy.0 = Release|Any CPU
		{A0C828B1-8C4D-4EC1-A4D9-A0E1C2A009C5}.AppStore|iPhone.ActiveCfg = Release|Any CPU
		{A0C828B1-8C4D-4EC1-A4D9-A0E1C2A009C5}.AppStore|iPhone.Build.0 = Release|Any CPU
		{A0C828B1-8C4D-4EC1-A4D9-A0E1C2A009C5}.AppStore|iPhone.Deploy.0 = Release|Any CPU
		{A0C828B1-8C4D-4EC1-A4D9-A0E1C2A009C5}.AppStore|iPhoneSimulator.ActiveCfg = Release|Any CPU
		{A0C828B1-8C4D-4EC1-A4D9-A0E1C2A009C5}.AppStore|iPhoneSimulator.Build.0 = Release|Any CPU
		{A0C828B1-8C4D-4EC1-A4D9-A0E1C2A009C5}.AppStore|iPhoneSimulator.Deploy.0 = Release|Any CPU
		{A0C828B1-8C4D-4EC1-A4D9-A0E1C2A009C5}.Debug|Any CPU.ActiveCfg = Debug|Any CPU
		{A0C828B1-8C4D-4EC1-A4D9-A0E1C2A009C5}.Debug|Any CPU.Build.0 = Debug|Any CPU
		{A0C828B1-8C4D-4EC1-A4D9-A0E1C2A009C5}.Debug|Any CPU.Deploy.0 = Debug|Any CPU
		{A0C828B1-8C4D-4EC1-A4D9-A0E1C2A009C5}.Debug|iPhone.ActiveCfg = Debug|Any CPU
		{A0C828B1-8C4D-4EC1-A4D9-A0E1C2A009C5}.Debug|iPhone.Build.0 = Debug|Any CPU
		{A0C828B1-8C4D-4EC1-A4D9-A0E1C2A009C5}.Debug|iPhone.Deploy.0 = Debug|Any CPU
		{A0C828B1-8C4D-4EC1-A4D9-A0E1C2A009C5}.Debug|iPhoneSimulator.ActiveCfg = Debug|Any CPU
		{A0C828B1-8C4D-4EC1-A4D9-A0E1C2A009C5}.Debug|iPhoneSimulator.Build.0 = Debug|Any CPU
		{A0C828B1-8C4D-4EC1-A4D9-A0E1C2A009C5}.Debug|iPhoneSimulator.Deploy.0 = Debug|Any CPU
		{A0C828B1-8C4D-4EC1-A4D9-A0E1C2A009C5}.Release|Any CPU.ActiveCfg = Release|Any CPU
		{A0C828B1-8C4D-4EC1-A4D9-A0E1C2A009C5}.Release|Any CPU.Build.0 = Release|Any CPU
		{A0C828B1-8C4D-4EC1-A4D9-A0E1C2A009C5}.Release|Any CPU.Deploy.0 = Release|Any CPU
		{A0C828B1-8C4D-4EC1-A4D9-A0E1C2A009C5}.Release|iPhone.ActiveCfg = Release|Any CPU
		{A0C828B1-8C4D-4EC1-A4D9-A0E1C2A009C5}.Release|iPhone.Build.0 = Release|Any CPU
		{A0C828B1-8C4D-4EC1-A4D9-A0E1C2A009C5}.Release|iPhone.Deploy.0 = Release|Any CPU
		{A0C828B1-8C4D-4EC1-A4D9-A0E1C2A009C5}.Release|iPhoneSimulator.ActiveCfg = Release|Any CPU
		{A0C828B1-8C4D-4EC1-A4D9-A0E1C2A009C5}.Release|iPhoneSimulator.Build.0 = Release|Any CPU
		{A0C828B1-8C4D-4EC1-A4D9-A0E1C2A009C5}.Release|iPhoneSimulator.Deploy.0 = Release|Any CPU
		{EDC74CC9-8998-4C6C-B0F6-9C0A0B604525}.Ad-Hoc|Any CPU.ActiveCfg = Ad-Hoc|iPhone
		{EDC74CC9-8998-4C6C-B0F6-9C0A0B604525}.Ad-Hoc|Any CPU.Build.0 = Ad-Hoc|iPhone
		{EDC74CC9-8998-4C6C-B0F6-9C0A0B604525}.Ad-Hoc|Any CPU.Deploy.0 = Ad-Hoc|iPhone
		{EDC74CC9-8998-4C6C-B0F6-9C0A0B604525}.Ad-Hoc|iPhone.ActiveCfg = Ad-Hoc|iPhone
		{EDC74CC9-8998-4C6C-B0F6-9C0A0B604525}.Ad-Hoc|iPhone.Build.0 = Ad-Hoc|iPhone
		{EDC74CC9-8998-4C6C-B0F6-9C0A0B604525}.Ad-Hoc|iPhone.Deploy.0 = Ad-Hoc|iPhone
		{EDC74CC9-8998-4C6C-B0F6-9C0A0B604525}.Ad-Hoc|iPhoneSimulator.ActiveCfg = Ad-Hoc|iPhoneSimulator
		{EDC74CC9-8998-4C6C-B0F6-9C0A0B604525}.Ad-Hoc|iPhoneSimulator.Build.0 = Ad-Hoc|iPhoneSimulator
		{EDC74CC9-8998-4C6C-B0F6-9C0A0B604525}.Ad-Hoc|iPhoneSimulator.Deploy.0 = Ad-Hoc|iPhoneSimulator
		{EDC74CC9-8998-4C6C-B0F6-9C0A0B604525}.AppStore|Any CPU.ActiveCfg = AppStore|iPhone
		{EDC74CC9-8998-4C6C-B0F6-9C0A0B604525}.AppStore|Any CPU.Build.0 = AppStore|iPhone
		{EDC74CC9-8998-4C6C-B0F6-9C0A0B604525}.AppStore|Any CPU.Deploy.0 = AppStore|iPhone
		{EDC74CC9-8998-4C6C-B0F6-9C0A0B604525}.AppStore|iPhone.ActiveCfg = AppStore|iPhone
		{EDC74CC9-8998-4C6C-B0F6-9C0A0B604525}.AppStore|iPhone.Build.0 = AppStore|iPhone
		{EDC74CC9-8998-4C6C-B0F6-9C0A0B604525}.AppStore|iPhone.Deploy.0 = AppStore|iPhone
		{EDC74CC9-8998-4C6C-B0F6-9C0A0B604525}.AppStore|iPhoneSimulator.ActiveCfg = AppStore|iPhoneSimulator
		{EDC74CC9-8998-4C6C-B0F6-9C0A0B604525}.AppStore|iPhoneSimulator.Build.0 = AppStore|iPhoneSimulator
		{EDC74CC9-8998-4C6C-B0F6-9C0A0B604525}.AppStore|iPhoneSimulator.Deploy.0 = AppStore|iPhoneSimulator
		{EDC74CC9-8998-4C6C-B0F6-9C0A0B604525}.Debug|Any CPU.ActiveCfg = Debug|iPhoneSimulator
		{EDC74CC9-8998-4C6C-B0F6-9C0A0B604525}.Debug|Any CPU.Build.0 = Debug|iPhoneSimulator
		{EDC74CC9-8998-4C6C-B0F6-9C0A0B604525}.Debug|Any CPU.Deploy.0 = Debug|iPhoneSimulator
		{EDC74CC9-8998-4C6C-B0F6-9C0A0B604525}.Debug|iPhone.ActiveCfg = Debug|iPhone
		{EDC74CC9-8998-4C6C-B0F6-9C0A0B604525}.Debug|iPhone.Build.0 = Debug|iPhone
		{EDC74CC9-8998-4C6C-B0F6-9C0A0B604525}.Debug|iPhone.Deploy.0 = Debug|iPhone
		{EDC74CC9-8998-4C6C-B0F6-9C0A0B604525}.Debug|iPhoneSimulator.ActiveCfg = Debug|iPhoneSimulator
		{EDC74CC9-8998-4C6C-B0F6-9C0A0B604525}.Debug|iPhoneSimulator.Build.0 = Debug|iPhoneSimulator
		{EDC74CC9-8998-4C6C-B0F6-9C0A0B604525}.Debug|iPhoneSimulator.Deploy.0 = Debug|iPhoneSimulator
		{EDC74CC9-8998-4C6C-B0F6-9C0A0B604525}.Release|Any CPU.ActiveCfg = Release|iPhone
		{EDC74CC9-8998-4C6C-B0F6-9C0A0B604525}.Release|Any CPU.Build.0 = Release|iPhone
		{EDC74CC9-8998-4C6C-B0F6-9C0A0B604525}.Release|Any CPU.Deploy.0 = Release|iPhone
		{EDC74CC9-8998-4C6C-B0F6-9C0A0B604525}.Release|iPhone.ActiveCfg = Release|iPhone
		{EDC74CC9-8998-4C6C-B0F6-9C0A0B604525}.Release|iPhone.Build.0 = Release|iPhone
		{EDC74CC9-8998-4C6C-B0F6-9C0A0B604525}.Release|iPhone.Deploy.0 = Release|iPhone
		{EDC74CC9-8998-4C6C-B0F6-9C0A0B604525}.Release|iPhoneSimulator.ActiveCfg = Release|iPhoneSimulator
		{EDC74CC9-8998-4C6C-B0F6-9C0A0B604525}.Release|iPhoneSimulator.Build.0 = Release|iPhoneSimulator
		{EDC74CC9-8998-4C6C-B0F6-9C0A0B604525}.Release|iPhoneSimulator.Deploy.0 = Release|iPhoneSimulator
	EndGlobalSection
	GlobalSection(SolutionProperties) = preSolution
		HideSolutionNode = FALSE
	EndGlobalSection
EndGlobal
