
Microsoft Visual Studio Solution File, Format Version 12.00
# Visual Studio 14
VisualStudioVersion = 14.0.25420.1
MinimumVisualStudioVersion = 10.0.40219.1
Project("{FAE04EC0-301F-11D3-BF4B-00C04F79EFBC}") = "MobileClient", "MobileClient\MobileClient\MobileClient.csproj", "{94BDDDC7-9521-4092-A34F-C65EC8764DF0}"
EndProject
Project("{FAE04EC0-301F-11D3-BF4B-00C04F79EFBC}") = "MobileClient.Droid", "MobileClient\MobileClient.Droid\MobileClient.Droid.csproj", "{641034A9-582B-4853-BD13-DD742A5B2F67}"
EndProject
Project("{FAE04EC0-301F-11D3-BF4B-00C04F79EFBC}") = "MobileClient.iOS", "MobileClient\MobileClient.iOS\MobileClient.iOS.csproj", "{8753F0DE-52EA-4EB0-A244-BF42125AD22B}"
EndProject
Global
	GlobalSection(SolutionConfigurationPlatforms) = preSolution
		Ad-Hoc|Any CPU = Ad-Hoc|Any CPU
		Ad-Hoc|iPhone = Ad-Hoc|iPhone
		Ad-Hoc|iPhoneSimulator = Ad-Hoc|iPhoneSimulator
		AppStore|Any CPU = AppStore|Any CPU
		AppStore|iPhone = AppStore|iPhone
		AppStore|iPhoneSimulator = AppStore|iPhoneSimulator
		Debug|Any CPU = Debug|Any CPU
		Debug|iPhone = Debug|iPhone
		Debug|iPhoneSimulator = Debug|iPhoneSimulator
		Release|Any CPU = Release|Any CPU
		Release|iPhone = Release|iPhone
		Release|iPhoneSimulator = Release|iPhoneSimulator
	EndGlobalSection
	GlobalSection(ProjectConfigurationPlatforms) = postSolution
		{94BDDDC7-9521-4092-A34F-C65EC8764DF0}.Ad-Hoc|Any CPU.ActiveCfg = Release|Any CPU
		{94BDDDC7-9521-4092-A34F-C65EC8764DF0}.Ad-Hoc|Any CPU.Build.0 = Release|Any CPU
		{94BDDDC7-9521-4092-A34F-C65EC8764DF0}.Ad-Hoc|iPhone.ActiveCfg = Release|Any CPU
		{94BDDDC7-9521-4092-A34F-C65EC8764DF0}.Ad-Hoc|iPhone.Build.0 = Release|Any CPU
		{94BDDDC7-9521-4092-A34F-C65EC8764DF0}.Ad-Hoc|iPhoneSimulator.ActiveCfg = Release|Any CPU
		{94BDDDC7-9521-4092-A34F-C65EC8764DF0}.Ad-Hoc|iPhoneSimulator.Build.0 = Release|Any CPU
		{94BDDDC7-9521-4092-A34F-C65EC8764DF0}.AppStore|Any CPU.ActiveCfg = Release|Any CPU
		{94BDDDC7-9521-4092-A34F-C65EC8764DF0}.AppStore|Any CPU.Build.0 = Release|Any CPU
		{94BDDDC7-9521-4092-A34F-C65EC8764DF0}.AppStore|iPhone.ActiveCfg = Release|Any CPU
		{94BDDDC7-9521-4092-A34F-C65EC8764DF0}.AppStore|iPhone.Build.0 = Release|Any CPU
		{94BDDDC7-9521-4092-A34F-C65EC8764DF0}.AppStore|iPhoneSimulator.ActiveCfg = Release|Any CPU
		{94BDDDC7-9521-4092-A34F-C65EC8764DF0}.AppStore|iPhoneSimulator.Build.0 = Release|Any CPU
		{94BDDDC7-9521-4092-A34F-C65EC8764DF0}.Debug|Any CPU.ActiveCfg = Debug|Any CPU
		{94BDDDC7-9521-4092-A34F-C65EC8764DF0}.Debug|Any CPU.Build.0 = Debug|Any CPU
		{94BDDDC7-9521-4092-A34F-C65EC8764DF0}.Debug|iPhone.ActiveCfg = Debug|Any CPU
		{94BDDDC7-9521-4092-A34F-C65EC8764DF0}.Debug|iPhone.Build.0 = Debug|Any CPU
		{94BDDDC7-9521-4092-A34F-C65EC8764DF0}.Debug|iPhoneSimulator.ActiveCfg = Debug|Any CPU
		{94BDDDC7-9521-4092-A34F-C65EC8764DF0}.Debug|iPhoneSimulator.Build.0 = Debug|Any CPU
		{94BDDDC7-9521-4092-A34F-C65EC8764DF0}.Release|Any CPU.ActiveCfg = Release|Any CPU
		{94BDDDC7-9521-4092-A34F-C65EC8764DF0}.Release|Any CPU.Build.0 = Release|Any CPU
		{94BDDDC7-9521-4092-A34F-C65EC8764DF0}.Release|iPhone.ActiveCfg = Release|Any CPU
		{94BDDDC7-9521-4092-A34F-C65EC8764DF0}.Release|iPhone.Build.0 = Release|Any CPU
		{94BDDDC7-9521-4092-A34F-C65EC8764DF0}.Release|iPhoneSimulator.ActiveCfg = Release|Any CPU
		{94BDDDC7-9521-4092-A34F-C65EC8764DF0}.Release|iPhoneSimulator.Build.0 = Release|Any CPU
		{641034A9-582B-4853-BD13-DD742A5B2F67}.Ad-Hoc|Any CPU.ActiveCfg = Release|Any CPU
		{641034A9-582B-4853-BD13-DD742A5B2F67}.Ad-Hoc|Any CPU.Build.0 = Release|Any CPU
		{641034A9-582B-4853-BD13-DD742A5B2F67}.Ad-Hoc|Any CPU.Deploy.0 = Release|Any CPU
		{641034A9-582B-4853-BD13-DD742A5B2F67}.Ad-Hoc|iPhone.ActiveCfg = Release|Any CPU
		{641034A9-582B-4853-BD13-DD742A5B2F67}.Ad-Hoc|iPhone.Build.0 = Release|Any CPU
		{641034A9-582B-4853-BD13-DD742A5B2F67}.Ad-Hoc|iPhone.Deploy.0 = Release|Any CPU
		{641034A9-582B-4853-BD13-DD742A5B2F67}.Ad-Hoc|iPhoneSimulator.ActiveCfg = Release|Any CPU
		{641034A9-582B-4853-BD13-DD742A5B2F67}.Ad-Hoc|iPhoneSimulator.Build.0 = Release|Any CPU
		{641034A9-582B-4853-BD13-DD742A5B2F67}.Ad-Hoc|iPhoneSimulator.Deploy.0 = Release|Any CPU
		{641034A9-582B-4853-BD13-DD742A5B2F67}.AppStore|Any CPU.ActiveCfg = Release|Any CPU
		{641034A9-582B-4853-BD13-DD742A5B2F67}.AppStore|Any CPU.Build.0 = Release|Any CPU
		{641034A9-582B-4853-BD13-DD742A5B2F67}.AppStore|Any CPU.Deploy.0 = Release|Any CPU
		{641034A9-582B-4853-BD13-DD742A5B2F67}.AppStore|iPhone.ActiveCfg = Release|Any CPU
		{641034A9-582B-4853-BD13-DD742A5B2F67}.AppStore|iPhone.Build.0 = Release|Any CPU
		{641034A9-582B-4853-BD13-DD742A5B2F67}.AppStore|iPhone.Deploy.0 = Release|Any CPU
		{641034A9-582B-4853-BD13-DD742A5B2F67}.AppStore|iPhoneSimulator.ActiveCfg = Release|Any CPU
		{641034A9-582B-4853-BD13-DD742A5B2F67}.AppStore|iPhoneSimulator.Build.0 = Release|Any CPU
		{641034A9-582B-4853-BD13-DD742A5B2F67}.AppStore|iPhoneSimulator.Deploy.0 = Release|Any CPU
		{641034A9-582B-4853-BD13-DD742A5B2F67}.Debug|Any CPU.ActiveCfg = Debug|Any CPU
		{641034A9-582B-4853-BD13-DD742A5B2F67}.Debug|Any CPU.Build.0 = Debug|Any CPU
		{641034A9-582B-4853-BD13-DD742A5B2F67}.Debug|Any CPU.Deploy.0 = Debug|Any CPU
		{641034A9-582B-4853-BD13-DD742A5B2F67}.Debug|iPhone.ActiveCfg = Debug|Any CPU
		{641034A9-582B-4853-BD13-DD742A5B2F67}.Debug|iPhone.Build.0 = Debug|Any CPU
		{641034A9-582B-4853-BD13-DD742A5B2F67}.Debug|iPhone.Deploy.0 = Debug|Any CPU
		{641034A9-582B-4853-BD13-DD742A5B2F67}.Debug|iPhoneSimulator.ActiveCfg = Debug|Any CPU
		{641034A9-582B-4853-BD13-DD742A5B2F67}.Debug|iPhoneSimulator.Build.0 = Debug|Any CPU
		{641034A9-582B-4853-BD13-DD742A5B2F67}.Debug|iPhoneSimulator.Deploy.0 = Debug|Any CPU
		{641034A9-582B-4853-BD13-DD742A5B2F67}.Release|Any CPU.ActiveCfg = Release|Any CPU
		{641034A9-582B-4853-BD13-DD742A5B2F67}.Release|Any CPU.Build.0 = Release|Any CPU
		{641034A9-582B-4853-BD13-DD742A5B2F67}.Release|Any CPU.Deploy.0 = Release|Any CPU
		{641034A9-582B-4853-BD13-DD742A5B2F67}.Release|iPhone.ActiveCfg = Release|Any CPU
		{641034A9-582B-4853-BD13-DD742A5B2F67}.Release|iPhone.Build.0 = Release|Any CPU
		{641034A9-582B-4853-BD13-DD742A5B2F67}.Release|iPhone.Deploy.0 = Release|Any CPU
		{641034A9-582B-4853-BD13-DD742A5B2F67}.Release|iPhoneSimulator.ActiveCfg = Release|Any CPU
		{641034A9-582B-4853-BD13-DD742A5B2F67}.Release|iPhoneSimulator.Build.0 = Release|Any CPU
		{641034A9-582B-4853-BD13-DD742A5B2F67}.Release|iPhoneSimulator.Deploy.0 = Release|Any CPU
		{8753F0DE-52EA-4EB0-A244-BF42125AD22B}.Ad-Hoc|Any CPU.ActiveCfg = Ad-Hoc|iPhone
		{8753F0DE-52EA-4EB0-A244-BF42125AD22B}.Ad-Hoc|iPhone.ActiveCfg = Ad-Hoc|iPhone
		{8753F0DE-52EA-4EB0-A244-BF42125AD22B}.Ad-Hoc|iPhone.Build.0 = Ad-Hoc|iPhone
		{8753F0DE-52EA-4EB0-A244-BF42125AD22B}.Ad-Hoc|iPhoneSimulator.ActiveCfg = Ad-Hoc|iPhoneSimulator
		{8753F0DE-52EA-4EB0-A244-BF42125AD22B}.Ad-Hoc|iPhoneSimulator.Build.0 = Ad-Hoc|iPhoneSimulator
		{8753F0DE-52EA-4EB0-A244-BF42125AD22B}.AppStore|Any CPU.ActiveCfg = AppStore|iPhone
		{8753F0DE-52EA-4EB0-A244-BF42125AD22B}.AppStore|iPhone.ActiveCfg = AppStore|iPhone
		{8753F0DE-52EA-4EB0-A244-BF42125AD22B}.AppStore|iPhone.Build.0 = AppStore|iPhone
		{8753F0DE-52EA-4EB0-A244-BF42125AD22B}.AppStore|iPhoneSimulator.ActiveCfg = AppStore|iPhoneSimulator
		{8753F0DE-52EA-4EB0-A244-BF42125AD22B}.AppStore|iPhoneSimulator.Build.0 = AppStore|iPhoneSimulator
		{8753F0DE-52EA-4EB0-A244-BF42125AD22B}.Debug|Any CPU.ActiveCfg = Debug|iPhone
		{8753F0DE-52EA-4EB0-A244-BF42125AD22B}.Debug|iPhone.ActiveCfg = Debug|iPhone
		{8753F0DE-52EA-4EB0-A244-BF42125AD22B}.Debug|iPhone.Build.0 = Debug|iPhone
		{8753F0DE-52EA-4EB0-A244-BF42125AD22B}.Debug|iPhoneSimulator.ActiveCfg = Debug|iPhoneSimulator
		{8753F0DE-52EA-4EB0-A244-BF42125AD22B}.Debug|iPhoneSimulator.Build.0 = Debug|iPhoneSimulator
		{8753F0DE-52EA-4EB0-A244-BF42125AD22B}.Release|Any CPU.ActiveCfg = Release|iPhone
		{8753F0DE-52EA-4EB0-A244-BF42125AD22B}.Release|iPhone.ActiveCfg = Release|iPhone
		{8753F0DE-52EA-4EB0-A244-BF42125AD22B}.Release|iPhone.Build.0 = Release|iPhone
		{8753F0DE-52EA-4EB0-A244-BF42125AD22B}.Release|iPhoneSimulator.ActiveCfg = Release|iPhoneSimulator
		{8753F0DE-52EA-4EB0-A244-BF42125AD22B}.Release|iPhoneSimulator.Build.0 = Release|iPhoneSimulator
	EndGlobalSection
	GlobalSection(SolutionProperties) = preSolution
		HideSolutionNode = FALSE
	EndGlobalSection
EndGlobal
