
Microsoft Visual Studio Solution File, Format Version 12.00
# Visual Studio 14
VisualStudioVersion = 14.0.25420.1
MinimumVisualStudioVersion = 10.0.40219.1
Project("{FAE04EC0-301F-11D3-BF4B-00C04F79EFBC}") = "Nav3", "Nav3\Nav3\Nav3.csproj", "{15BE3873-80CD-44C2-9374-7D7B3025A4B4}"
EndProject
Project("{FAE04EC0-301F-11D3-BF4B-00C04F79EFBC}") = "Nav3.Droid", "Nav3\Nav3.Droid\Nav3.Droid.csproj", "{22EBC7E5-E5B2-4D51-BEDA-0F55E4045288}"
EndProject
Project("{FAE04EC0-301F-11D3-BF4B-00C04F79EFBC}") = "Nav3.iOS", "Nav3\Nav3.iOS\Nav3.iOS.csproj", "{58238E60-1C4B-450B-8EF6-5416164D824A}"
EndProject
Global
	GlobalSection(SolutionConfigurationPlatforms) = preSolution
		Ad-Hoc|Any CPU = Ad-Hoc|Any CPU
		Ad-Hoc|iPhone = Ad-Hoc|iPhone
		Ad-Hoc|iPhoneSimulator = Ad-Hoc|iPhoneSimulator
		AppStore|Any CPU = AppStore|Any CPU
		AppStore|iPhone = AppStore|iPhone
		AppStore|iPhoneSimulator = AppStore|iPhoneSimulator
		Debug|Any CPU = Debug|Any CPU
		Debug|iPhone = Debug|iPhone
		Debug|iPhoneSimulator = Debug|iPhoneSimulator
		Release|Any CPU = Release|Any CPU
		Release|iPhone = Release|iPhone
		Release|iPhoneSimulator = Release|iPhoneSimulator
	EndGlobalSection
	GlobalSection(ProjectConfigurationPlatforms) = postSolution
		{15BE3873-80CD-44C2-9374-7D7B3025A4B4}.Ad-Hoc|Any CPU.ActiveCfg = Release|Any CPU
		{15BE3873-80CD-44C2-9374-7D7B3025A4B4}.Ad-Hoc|Any CPU.Build.0 = Release|Any CPU
		{15BE3873-80CD-44C2-9374-7D7B3025A4B4}.Ad-Hoc|iPhone.ActiveCfg = Release|Any CPU
		{15BE3873-80CD-44C2-9374-7D7B3025A4B4}.Ad-Hoc|iPhone.Build.0 = Release|Any CPU
		{15BE3873-80CD-44C2-9374-7D7B3025A4B4}.Ad-Hoc|iPhoneSimulator.ActiveCfg = Release|Any CPU
		{15BE3873-80CD-44C2-9374-7D7B3025A4B4}.Ad-Hoc|iPhoneSimulator.Build.0 = Release|Any CPU
		{15BE3873-80CD-44C2-9374-7D7B3025A4B4}.AppStore|Any CPU.ActiveCfg = Release|Any CPU
		{15BE3873-80CD-44C2-9374-7D7B3025A4B4}.AppStore|Any CPU.Build.0 = Release|Any CPU
		{15BE3873-80CD-44C2-9374-7D7B3025A4B4}.AppStore|iPhone.ActiveCfg = Release|Any CPU
		{15BE3873-80CD-44C2-9374-7D7B3025A4B4}.AppStore|iPhone.Build.0 = Release|Any CPU
		{15BE3873-80CD-44C2-9374-7D7B3025A4B4}.AppStore|iPhoneSimulator.ActiveCfg = Release|Any CPU
		{15BE3873-80CD-44C2-9374-7D7B3025A4B4}.AppStore|iPhoneSimulator.Build.0 = Release|Any CPU
		{15BE3873-80CD-44C2-9374-7D7B3025A4B4}.Debug|Any CPU.ActiveCfg = Debug|Any CPU
		{15BE3873-80CD-44C2-9374-7D7B3025A4B4}.Debug|Any CPU.Build.0 = Debug|Any CPU
		{15BE3873-80CD-44C2-9374-7D7B3025A4B4}.Debug|iPhone.ActiveCfg = Debug|Any CPU
		{15BE3873-80CD-44C2-9374-7D7B3025A4B4}.Debug|iPhone.Build.0 = Debug|Any CPU
		{15BE3873-80CD-44C2-9374-7D7B3025A4B4}.Debug|iPhoneSimulator.ActiveCfg = Debug|Any CPU
		{15BE3873-80CD-44C2-9374-7D7B3025A4B4}.Debug|iPhoneSimulator.Build.0 = Debug|Any CPU
		{15BE3873-80CD-44C2-9374-7D7B3025A4B4}.Release|Any CPU.ActiveCfg = Release|Any CPU
		{15BE3873-80CD-44C2-9374-7D7B3025A4B4}.Release|Any CPU.Build.0 = Release|Any CPU
		{15BE3873-80CD-44C2-9374-7D7B3025A4B4}.Release|iPhone.ActiveCfg = Release|Any CPU
		{15BE3873-80CD-44C2-9374-7D7B3025A4B4}.Release|iPhone.Build.0 = Release|Any CPU
		{15BE3873-80CD-44C2-9374-7D7B3025A4B4}.Release|iPhoneSimulator.ActiveCfg = Release|Any CPU
		{15BE3873-80CD-44C2-9374-7D7B3025A4B4}.Release|iPhoneSimulator.Build.0 = Release|Any CPU
		{22EBC7E5-E5B2-4D51-BEDA-0F55E4045288}.Ad-Hoc|Any CPU.ActiveCfg = Release|Any CPU
		{22EBC7E5-E5B2-4D51-BEDA-0F55E4045288}.Ad-Hoc|Any CPU.Build.0 = Release|Any CPU
		{22EBC7E5-E5B2-4D51-BEDA-0F55E4045288}.Ad-Hoc|Any CPU.Deploy.0 = Release|Any CPU
		{22EBC7E5-E5B2-4D51-BEDA-0F55E4045288}.Ad-Hoc|iPhone.ActiveCfg = Release|Any CPU
		{22EBC7E5-E5B2-4D51-BEDA-0F55E4045288}.Ad-Hoc|iPhone.Build.0 = Release|Any CPU
		{22EBC7E5-E5B2-4D51-BEDA-0F55E4045288}.Ad-Hoc|iPhone.Deploy.0 = Release|Any CPU
		{22EBC7E5-E5B2-4D51-BEDA-0F55E4045288}.Ad-Hoc|iPhoneSimulator.ActiveCfg = Release|Any CPU
		{22EBC7E5-E5B2-4D51-BEDA-0F55E4045288}.Ad-Hoc|iPhoneSimulator.Build.0 = Release|Any CPU
		{22EBC7E5-E5B2-4D51-BEDA-0F55E4045288}.Ad-Hoc|iPhoneSimulator.Deploy.0 = Release|Any CPU
		{22EBC7E5-E5B2-4D51-BEDA-0F55E4045288}.AppStore|Any CPU.ActiveCfg = Release|Any CPU
		{22EBC7E5-E5B2-4D51-BEDA-0F55E4045288}.AppStore|Any CPU.Build.0 = Release|Any CPU
		{22EBC7E5-E5B2-4D51-BEDA-0F55E4045288}.AppStore|Any CPU.Deploy.0 = Release|Any CPU
		{22EBC7E5-E5B2-4D51-BEDA-0F55E4045288}.AppStore|iPhone.ActiveCfg = Release|Any CPU
		{22EBC7E5-E5B2-4D51-BEDA-0F55E4045288}.AppStore|iPhone.Build.0 = Release|Any CPU
		{22EBC7E5-E5B2-4D51-BEDA-0F55E4045288}.AppStore|iPhone.Deploy.0 = Release|Any CPU
		{22EBC7E5-E5B2-4D51-BEDA-0F55E4045288}.AppStore|iPhoneSimulator.ActiveCfg = Release|Any CPU
		{22EBC7E5-E5B2-4D51-BEDA-0F55E4045288}.AppStore|iPhoneSimulator.Build.0 = Release|Any CPU
		{22EBC7E5-E5B2-4D51-BEDA-0F55E4045288}.AppStore|iPhoneSimulator.Deploy.0 = Release|Any CPU
		{22EBC7E5-E5B2-4D51-BEDA-0F55E4045288}.Debug|Any CPU.ActiveCfg = Debug|Any CPU
		{22EBC7E5-E5B2-4D51-BEDA-0F55E4045288}.Debug|Any CPU.Build.0 = Debug|Any CPU
		{22EBC7E5-E5B2-4D51-BEDA-0F55E4045288}.Debug|Any CPU.Deploy.0 = Debug|Any CPU
		{22EBC7E5-E5B2-4D51-BEDA-0F55E4045288}.Debug|iPhone.ActiveCfg = Debug|Any CPU
		{22EBC7E5-E5B2-4D51-BEDA-0F55E4045288}.Debug|iPhone.Build.0 = Debug|Any CPU
		{22EBC7E5-E5B2-4D51-BEDA-0F55E4045288}.Debug|iPhone.Deploy.0 = Debug|Any CPU
		{22EBC7E5-E5B2-4D51-BEDA-0F55E4045288}.Debug|iPhoneSimulator.ActiveCfg = Debug|Any CPU
		{22EBC7E5-E5B2-4D51-BEDA-0F55E4045288}.Debug|iPhoneSimulator.Build.0 = Debug|Any CPU
		{22EBC7E5-E5B2-4D51-BEDA-0F55E4045288}.Debug|iPhoneSimulator.Deploy.0 = Debug|Any CPU
		{22EBC7E5-E5B2-4D51-BEDA-0F55E4045288}.Release|Any CPU.ActiveCfg = Release|Any CPU
		{22EBC7E5-E5B2-4D51-BEDA-0F55E4045288}.Release|Any CPU.Build.0 = Release|Any CPU
		{22EBC7E5-E5B2-4D51-BEDA-0F55E4045288}.Release|Any CPU.Deploy.0 = Release|Any CPU
		{22EBC7E5-E5B2-4D51-BEDA-0F55E4045288}.Release|iPhone.ActiveCfg = Release|Any CPU
		{22EBC7E5-E5B2-4D51-BEDA-0F55E4045288}.Release|iPhone.Build.0 = Release|Any CPU
		{22EBC7E5-E5B2-4D51-BEDA-0F55E4045288}.Release|iPhone.Deploy.0 = Release|Any CPU
		{22EBC7E5-E5B2-4D51-BEDA-0F55E4045288}.Release|iPhoneSimulator.ActiveCfg = Release|Any CPU
		{22EBC7E5-E5B2-4D51-BEDA-0F55E4045288}.Release|iPhoneSimulator.Build.0 = Release|Any CPU
		{22EBC7E5-E5B2-4D51-BEDA-0F55E4045288}.Release|iPhoneSimulator.Deploy.0 = Release|Any CPU
		{58238E60-1C4B-450B-8EF6-5416164D824A}.Ad-Hoc|Any CPU.ActiveCfg = Ad-Hoc|iPhone
		{58238E60-1C4B-450B-8EF6-5416164D824A}.Ad-Hoc|iPhone.ActiveCfg = Ad-Hoc|iPhone
		{58238E60-1C4B-450B-8EF6-5416164D824A}.Ad-Hoc|iPhone.Build.0 = Ad-Hoc|iPhone
		{58238E60-1C4B-450B-8EF6-5416164D824A}.Ad-Hoc|iPhoneSimulator.ActiveCfg = Ad-Hoc|iPhoneSimulator
		{58238E60-1C4B-450B-8EF6-5416164D824A}.Ad-Hoc|iPhoneSimulator.Build.0 = Ad-Hoc|iPhoneSimulator
		{58238E60-1C4B-450B-8EF6-5416164D824A}.AppStore|Any CPU.ActiveCfg = AppStore|iPhone
		{58238E60-1C4B-450B-8EF6-5416164D824A}.AppStore|iPhone.ActiveCfg = AppStore|iPhone
		{58238E60-1C4B-450B-8EF6-5416164D824A}.AppStore|iPhone.Build.0 = AppStore|iPhone
		{58238E60-1C4B-450B-8EF6-5416164D824A}.AppStore|iPhoneSimulator.ActiveCfg = AppStore|iPhoneSimulator
		{58238E60-1C4B-450B-8EF6-5416164D824A}.AppStore|iPhoneSimulator.Build.0 = AppStore|iPhoneSimulator
		{58238E60-1C4B-450B-8EF6-5416164D824A}.Debug|Any CPU.ActiveCfg = Debug|iPhone
		{58238E60-1C4B-450B-8EF6-5416164D824A}.Debug|iPhone.ActiveCfg = Debug|iPhone
		{58238E60-1C4B-450B-8EF6-5416164D824A}.Debug|iPhone.Build.0 = Debug|iPhone
		{58238E60-1C4B-450B-8EF6-5416164D824A}.Debug|iPhoneSimulator.ActiveCfg = Debug|iPhoneSimulator
		{58238E60-1C4B-450B-8EF6-5416164D824A}.Debug|iPhoneSimulator.Build.0 = Debug|iPhoneSimulator
		{58238E60-1C4B-450B-8EF6-5416164D824A}.Release|Any CPU.ActiveCfg = Release|iPhone
		{58238E60-1C4B-450B-8EF6-5416164D824A}.Release|iPhone.ActiveCfg = Release|iPhone
		{58238E60-1C4B-450B-8EF6-5416164D824A}.Release|iPhone.Build.0 = Release|iPhone
		{58238E60-1C4B-450B-8EF6-5416164D824A}.Release|iPhoneSimulator.ActiveCfg = Release|iPhoneSimulator
		{58238E60-1C4B-450B-8EF6-5416164D824A}.Release|iPhoneSimulator.Build.0 = Release|iPhoneSimulator
	EndGlobalSection
	GlobalSection(SolutionProperties) = preSolution
		HideSolutionNode = FALSE
	EndGlobalSection
EndGlobal
