
Microsoft Visual Studio Solution File, Format Version 12.00
# Visual Studio 14
VisualStudioVersion = 14.0.25420.1
MinimumVisualStudioVersion = 10.0.40219.1
Project("{FAE04EC0-301F-11D3-BF4B-00C04F79EFBC}") = "StackNavigation_Part2", "StackNavigation_Part2\StackNavigation_Part2\StackNavigation_Part2.csproj", "{3C518FB6-822F-461A-8065-04422FD1DEA8}"
EndProject
Project("{FAE04EC0-301F-11D3-BF4B-00C04F79EFBC}") = "StackNavigation_Part2.Droid", "StackNavigation_Part2\StackNavigation_Part2.Droid\StackNavigation_Part2.Droid.csproj", "{6BB5BC12-B063-4BD0-BB92-99F9B55762C2}"
EndProject
Project("{FAE04EC0-301F-11D3-BF4B-00C04F79EFBC}") = "StackNavigation_Part2.iOS", "StackNavigation_Part2\StackNavigation_Part2.iOS\StackNavigation_Part2.iOS.csproj", "{DCB54A08-8CB0-4E11-8155-75C93FE8C88F}"
EndProject
Global
	GlobalSection(SolutionConfigurationPlatforms) = preSolution
		Ad-Hoc|Any CPU = Ad-Hoc|Any CPU
		Ad-Hoc|iPhone = Ad-Hoc|iPhone
		Ad-Hoc|iPhoneSimulator = Ad-Hoc|iPhoneSimulator
		AppStore|Any CPU = AppStore|Any CPU
		AppStore|iPhone = AppStore|iPhone
		AppStore|iPhoneSimulator = AppStore|iPhoneSimulator
		Debug|Any CPU = Debug|Any CPU
		Debug|iPhone = Debug|iPhone
		Debug|iPhoneSimulator = Debug|iPhoneSimulator
		Release|Any CPU = Release|Any CPU
		Release|iPhone = Release|iPhone
		Release|iPhoneSimulator = Release|iPhoneSimulator
	EndGlobalSection
	GlobalSection(ProjectConfigurationPlatforms) = postSolution
		{3C518FB6-822F-461A-8065-04422FD1DEA8}.Ad-Hoc|Any CPU.ActiveCfg = Release|Any CPU
		{3C518FB6-822F-461A-8065-04422FD1DEA8}.Ad-Hoc|Any CPU.Build.0 = Release|Any CPU
		{3C518FB6-822F-461A-8065-04422FD1DEA8}.Ad-Hoc|iPhone.ActiveCfg = Release|Any CPU
		{3C518FB6-822F-461A-8065-04422FD1DEA8}.Ad-Hoc|iPhone.Build.0 = Release|Any CPU
		{3C518FB6-822F-461A-8065-04422FD1DEA8}.Ad-Hoc|iPhoneSimulator.ActiveCfg = Release|Any CPU
		{3C518FB6-822F-461A-8065-04422FD1DEA8}.Ad-Hoc|iPhoneSimulator.Build.0 = Release|Any CPU
		{3C518FB6-822F-461A-8065-04422FD1DEA8}.AppStore|Any CPU.ActiveCfg = Release|Any CPU
		{3C518FB6-822F-461A-8065-04422FD1DEA8}.AppStore|Any CPU.Build.0 = Release|Any CPU
		{3C518FB6-822F-461A-8065-04422FD1DEA8}.AppStore|iPhone.ActiveCfg = Release|Any CPU
		{3C518FB6-822F-461A-8065-04422FD1DEA8}.AppStore|iPhone.Build.0 = Release|Any CPU
		{3C518FB6-822F-461A-8065-04422FD1DEA8}.AppStore|iPhoneSimulator.ActiveCfg = Release|Any CPU
		{3C518FB6-822F-461A-8065-04422FD1DEA8}.AppStore|iPhoneSimulator.Build.0 = Release|Any CPU
		{3C518FB6-822F-461A-8065-04422FD1DEA8}.Debug|Any CPU.ActiveCfg = Debug|Any CPU
		{3C518FB6-822F-461A-8065-04422FD1DEA8}.Debug|Any CPU.Build.0 = Debug|Any CPU
		{3C518FB6-822F-461A-8065-04422FD1DEA8}.Debug|iPhone.ActiveCfg = Debug|Any CPU
		{3C518FB6-822F-461A-8065-04422FD1DEA8}.Debug|iPhone.Build.0 = Debug|Any CPU
		{3C518FB6-822F-461A-8065-04422FD1DEA8}.Debug|iPhoneSimulator.ActiveCfg = Debug|Any CPU
		{3C518FB6-822F-461A-8065-04422FD1DEA8}.Debug|iPhoneSimulator.Build.0 = Debug|Any CPU
		{3C518FB6-822F-461A-8065-04422FD1DEA8}.Release|Any CPU.ActiveCfg = Release|Any CPU
		{3C518FB6-822F-461A-8065-04422FD1DEA8}.Release|Any CPU.Build.0 = Release|Any CPU
		{3C518FB6-822F-461A-8065-04422FD1DEA8}.Release|iPhone.ActiveCfg = Release|Any CPU
		{3C518FB6-822F-461A-8065-04422FD1DEA8}.Release|iPhone.Build.0 = Release|Any CPU
		{3C518FB6-822F-461A-8065-04422FD1DEA8}.Release|iPhoneSimulator.ActiveCfg = Release|Any CPU
		{3C518FB6-822F-461A-8065-04422FD1DEA8}.Release|iPhoneSimulator.Build.0 = Release|Any CPU
		{6BB5BC12-B063-4BD0-BB92-99F9B55762C2}.Ad-Hoc|Any CPU.ActiveCfg = Release|Any CPU
		{6BB5BC12-B063-4BD0-BB92-99F9B55762C2}.Ad-Hoc|Any CPU.Build.0 = Release|Any CPU
		{6BB5BC12-B063-4BD0-BB92-99F9B55762C2}.Ad-Hoc|Any CPU.Deploy.0 = Release|Any CPU
		{6BB5BC12-B063-4BD0-BB92-99F9B55762C2}.Ad-Hoc|iPhone.ActiveCfg = Release|Any CPU
		{6BB5BC12-B063-4BD0-BB92-99F9B55762C2}.Ad-Hoc|iPhone.Build.0 = Release|Any CPU
		{6BB5BC12-B063-4BD0-BB92-99F9B55762C2}.Ad-Hoc|iPhone.Deploy.0 = Release|Any CPU
		{6BB5BC12-B063-4BD0-BB92-99F9B55762C2}.Ad-Hoc|iPhoneSimulator.ActiveCfg = Release|Any CPU
		{6BB5BC12-B063-4BD0-BB92-99F9B55762C2}.Ad-Hoc|iPhoneSimulator.Build.0 = Release|Any CPU
		{6BB5BC12-B063-4BD0-BB92-99F9B55762C2}.Ad-Hoc|iPhoneSimulator.Deploy.0 = Release|Any CPU
		{6BB5BC12-B063-4BD0-BB92-99F9B55762C2}.AppStore|Any CPU.ActiveCfg = Release|Any CPU
		{6BB5BC12-B063-4BD0-BB92-99F9B55762C2}.AppStore|Any CPU.Build.0 = Release|Any CPU
		{6BB5BC12-B063-4BD0-BB92-99F9B55762C2}.AppStore|Any CPU.Deploy.0 = Release|Any CPU
		{6BB5BC12-B063-4BD0-BB92-99F9B55762C2}.AppStore|iPhone.ActiveCfg = Release|Any CPU
		{6BB5BC12-B063-4BD0-BB92-99F9B55762C2}.AppStore|iPhone.Build.0 = Release|Any CPU
		{6BB5BC12-B063-4BD0-BB92-99F9B55762C2}.AppStore|iPhone.Deploy.0 = Release|Any CPU
		{6BB5BC12-B063-4BD0-BB92-99F9B55762C2}.AppStore|iPhoneSimulator.ActiveCfg = Release|Any CPU
		{6BB5BC12-B063-4BD0-BB92-99F9B55762C2}.AppStore|iPhoneSimulator.Build.0 = Release|Any CPU
		{6BB5BC12-B063-4BD0-BB92-99F9B55762C2}.AppStore|iPhoneSimulator.Deploy.0 = Release|Any CPU
		{6BB5BC12-B063-4BD0-BB92-99F9B55762C2}.Debug|Any CPU.ActiveCfg = Debug|Any CPU
		{6BB5BC12-B063-4BD0-BB92-99F9B55762C2}.Debug|Any CPU.Build.0 = Debug|Any CPU
		{6BB5BC12-B063-4BD0-BB92-99F9B55762C2}.Debug|Any CPU.Deploy.0 = Debug|Any CPU
		{6BB5BC12-B063-4BD0-BB92-99F9B55762C2}.Debug|iPhone.ActiveCfg = Debug|Any CPU
		{6BB5BC12-B063-4BD0-BB92-99F9B55762C2}.Debug|iPhone.Build.0 = Debug|Any CPU
		{6BB5BC12-B063-4BD0-BB92-99F9B55762C2}.Debug|iPhone.Deploy.0 = Debug|Any CPU
		{6BB5BC12-B063-4BD0-BB92-99F9B55762C2}.Debug|iPhoneSimulator.ActiveCfg = Debug|Any CPU
		{6BB5BC12-B063-4BD0-BB92-99F9B55762C2}.Debug|iPhoneSimulator.Build.0 = Debug|Any CPU
		{6BB5BC12-B063-4BD0-BB92-99F9B55762C2}.Debug|iPhoneSimulator.Deploy.0 = Debug|Any CPU
		{6BB5BC12-B063-4BD0-BB92-99F9B55762C2}.Release|Any CPU.ActiveCfg = Release|Any CPU
		{6BB5BC12-B063-4BD0-BB92-99F9B55762C2}.Release|Any CPU.Build.0 = Release|Any CPU
		{6BB5BC12-B063-4BD0-BB92-99F9B55762C2}.Release|Any CPU.Deploy.0 = Release|Any CPU
		{6BB5BC12-B063-4BD0-BB92-99F9B55762C2}.Release|iPhone.ActiveCfg = Release|Any CPU
		{6BB5BC12-B063-4BD0-BB92-99F9B55762C2}.Release|iPhone.Build.0 = Release|Any CPU
		{6BB5BC12-B063-4BD0-BB92-99F9B55762C2}.Release|iPhone.Deploy.0 = Release|Any CPU
		{6BB5BC12-B063-4BD0-BB92-99F9B55762C2}.Release|iPhoneSimulator.ActiveCfg = Release|Any CPU
		{6BB5BC12-B063-4BD0-BB92-99F9B55762C2}.Release|iPhoneSimulator.Build.0 = Release|Any CPU
		{6BB5BC12-B063-4BD0-BB92-99F9B55762C2}.Release|iPhoneSimulator.Deploy.0 = Release|Any CPU
		{DCB54A08-8CB0-4E11-8155-75C93FE8C88F}.Ad-Hoc|Any CPU.ActiveCfg = Ad-Hoc|iPhone
		{DCB54A08-8CB0-4E11-8155-75C93FE8C88F}.Ad-Hoc|iPhone.ActiveCfg = Ad-Hoc|iPhone
		{DCB54A08-8CB0-4E11-8155-75C93FE8C88F}.Ad-Hoc|iPhone.Build.0 = Ad-Hoc|iPhone
		{DCB54A08-8CB0-4E11-8155-75C93FE8C88F}.Ad-Hoc|iPhoneSimulator.ActiveCfg = Ad-Hoc|iPhoneSimulator
		{DCB54A08-8CB0-4E11-8155-75C93FE8C88F}.Ad-Hoc|iPhoneSimulator.Build.0 = Ad-Hoc|iPhoneSimulator
		{DCB54A08-8CB0-4E11-8155-75C93FE8C88F}.AppStore|Any CPU.ActiveCfg = AppStore|iPhone
		{DCB54A08-8CB0-4E11-8155-75C93FE8C88F}.AppStore|iPhone.ActiveCfg = AppStore|iPhone
		{DCB54A08-8CB0-4E11-8155-75C93FE8C88F}.AppStore|iPhone.Build.0 = AppStore|iPhone
		{DCB54A08-8CB0-4E11-8155-75C93FE8C88F}.AppStore|iPhoneSimulator.ActiveCfg = AppStore|iPhoneSimulator
		{DCB54A08-8CB0-4E11-8155-75C93FE8C88F}.AppStore|iPhoneSimulator.Build.0 = AppStore|iPhoneSimulator
		{DCB54A08-8CB0-4E11-8155-75C93FE8C88F}.Debug|Any CPU.ActiveCfg = Debug|iPhone
		{DCB54A08-8CB0-4E11-8155-75C93FE8C88F}.Debug|iPhone.ActiveCfg = Debug|iPhone
		{DCB54A08-8CB0-4E11-8155-75C93FE8C88F}.Debug|iPhone.Build.0 = Debug|iPhone
		{DCB54A08-8CB0-4E11-8155-75C93FE8C88F}.Debug|iPhoneSimulator.ActiveCfg = Debug|iPhoneSimulator
		{DCB54A08-8CB0-4E11-8155-75C93FE8C88F}.Debug|iPhoneSimulator.Build.0 = Debug|iPhoneSimulator
		{DCB54A08-8CB0-4E11-8155-75C93FE8C88F}.Release|Any CPU.ActiveCfg = Release|iPhone
		{DCB54A08-8CB0-4E11-8155-75C93FE8C88F}.Release|iPhone.ActiveCfg = Release|iPhone
		{DCB54A08-8CB0-4E11-8155-75C93FE8C88F}.Release|iPhone.Build.0 = Release|iPhone
		{DCB54A08-8CB0-4E11-8155-75C93FE8C88F}.Release|iPhoneSimulator.ActiveCfg = Release|iPhoneSimulator
		{DCB54A08-8CB0-4E11-8155-75C93FE8C88F}.Release|iPhoneSimulator.Build.0 = Release|iPhoneSimulator
	EndGlobalSection
	GlobalSection(SolutionProperties) = preSolution
		HideSolutionNode = FALSE
	EndGlobalSection
EndGlobal
